
Microsoft Visual Studio Solution File, Format Version 12.00
# Visual Studio 15
VisualStudioVersion = 15.0.27130.2036
MinimumVisualStudioVersion = 10.0.40219.1
Project("{FAE04EC0-301F-11D3-BF4B-00C04F79EFBC}") = "ISofA.WebAPI", "ISofA.WebAPI\ISofA.WebAPI.csproj", "{9BA3CAA2-6B91-4DCE-8D0C-6C3B2BB5E8A2}"
EndProject
Project("{FAE04EC0-301F-11D3-BF4B-00C04F79EFBC}") = "ISofA.DAL", "ISofA.DAL\ISofA.DAL.csproj", "{1B26256E-1C35-476C-98E7-8384A3D8BB8A}"
EndProject
Project("{FAE04EC0-301F-11D3-BF4B-00C04F79EFBC}") = "ISofA.SL", "ISofA.SL\ISofA.SL.csproj", "{D0A9D8A4-D7D5-4831-959B-9EBE248CC3EF}"
EndProject
Project("{E24C65DC-7377-472B-9ABA-BC803B73C61A}") = "ISofA.Client", "ISofA.Client\", "{2F1ED0D9-375D-4A6D-8902-EF7A6B464B8A}"
	ProjectSection(WebsiteProperties) = preProject
		TargetFrameworkMoniker = ".NETFramework,Version%3Dv4.6.1"
		Debug.AspNetCompiler.VirtualPath = "/localhost_1113"
		Debug.AspNetCompiler.PhysicalPath = "ISofA.Client\"
		Debug.AspNetCompiler.TargetPath = "PrecompiledWeb\localhost_1113\"
		Debug.AspNetCompiler.Updateable = "true"
		Debug.AspNetCompiler.ForceOverwrite = "true"
		Debug.AspNetCompiler.FixedNames = "false"
		Debug.AspNetCompiler.Debug = "True"
		Release.AspNetCompiler.VirtualPath = "/localhost_1113"
		Release.AspNetCompiler.PhysicalPath = "ISofA.Client\"
		Release.AspNetCompiler.TargetPath = "PrecompiledWeb\localhost_1113\"
		Release.AspNetCompiler.Updateable = "true"
		Release.AspNetCompiler.ForceOverwrite = "true"
		Release.AspNetCompiler.FixedNames = "false"
		Release.AspNetCompiler.Debug = "False"
		VWDPort = "1113"
		SlnRelativePath = "ISofA.Client\"
		DefaultWebSiteLanguage = "Visual C#"
	EndProjectSection
EndProject
Project("{FAE04EC0-301F-11D3-BF4B-00C04F79EFBC}") = "ISofA.Tests", "ISofA.Tests\ISofA.Tests.csproj", "{C0026354-2463-4EC6-AAC4-8AF5EB594D59}"
EndProject
Global
	GlobalSection(SolutionConfigurationPlatforms) = preSolution
		Debug|Any CPU = Debug|Any CPU
		Release|Any CPU = Release|Any CPU
	EndGlobalSection
	GlobalSection(ProjectConfigurationPlatforms) = postSolution
		{9BA3CAA2-6B91-4DCE-8D0C-6C3B2BB5E8A2}.Debug|Any CPU.ActiveCfg = Debug|Any CPU
		{9BA3CAA2-6B91-4DCE-8D0C-6C3B2BB5E8A2}.Debug|Any CPU.Build.0 = Debug|Any CPU
		{9BA3CAA2-6B91-4DCE-8D0C-6C3B2BB5E8A2}.Release|Any CPU.ActiveCfg = Release|Any CPU
		{9BA3CAA2-6B91-4DCE-8D0C-6C3B2BB5E8A2}.Release|Any CPU.Build.0 = Release|Any CPU
		{1B26256E-1C35-476C-98E7-8384A3D8BB8A}.Debug|Any CPU.ActiveCfg = Debug|Any CPU
		{1B26256E-1C35-476C-98E7-8384A3D8BB8A}.Debug|Any CPU.Build.0 = Debug|Any CPU
		{1B26256E-1C35-476C-98E7-8384A3D8BB8A}.Release|Any CPU.ActiveCfg = Release|Any CPU
		{1B26256E-1C35-476C-98E7-8384A3D8BB8A}.Release|Any CPU.Build.0 = Release|Any CPU
		{D0A9D8A4-D7D5-4831-959B-9EBE248CC3EF}.Debug|Any CPU.ActiveCfg = Debug|Any CPU
		{D0A9D8A4-D7D5-4831-959B-9EBE248CC3EF}.Debug|Any CPU.Build.0 = Debug|Any CPU
		{D0A9D8A4-D7D5-4831-959B-9EBE248CC3EF}.Release|Any CPU.ActiveCfg = Release|Any CPU
		{D0A9D8A4-D7D5-4831-959B-9EBE248CC3EF}.Release|Any CPU.Build.0 = Release|Any CPU
		{2F1ED0D9-375D-4A6D-8902-EF7A6B464B8A}.Debug|Any CPU.ActiveCfg = Debug|Any CPU
		{2F1ED0D9-375D-4A6D-8902-EF7A6B464B8A}.Debug|Any CPU.Build.0 = Debug|Any CPU
		{2F1ED0D9-375D-4A6D-8902-EF7A6B464B8A}.Release|Any CPU.ActiveCfg = Debug|Any CPU
		{2F1ED0D9-375D-4A6D-8902-EF7A6B464B8A}.Release|Any CPU.Build.0 = Debug|Any CPU
		{C0026354-2463-4EC6-AAC4-8AF5EB594D59}.Debug|Any CPU.ActiveCfg = Debug|Any CPU
		{C0026354-2463-4EC6-AAC4-8AF5EB594D59}.Debug|Any CPU.Build.0 = Debug|Any CPU
		{C0026354-2463-4EC6-AAC4-8AF5EB594D59}.Release|Any CPU.ActiveCfg = Release|Any CPU
		{C0026354-2463-4EC6-AAC4-8AF5EB594D59}.Release|Any CPU.Build.0 = Release|Any CPU
	EndGlobalSection
	GlobalSection(SolutionProperties) = preSolution
		HideSolutionNode = FALSE
	EndGlobalSection
	GlobalSection(ExtensibilityGlobals) = postSolution
		SolutionGuid = {06CEAE3E-82C3-4624-8A24-BAE62489B362}
	EndGlobalSection
EndGlobal
